{
  "name": "isaacoverlander.github.io",
  "version": "1.0.0",
  "lockfileVersion": 1,
  "requires": true,
  "dependencies": {
    "commander": {
      "version": "2.18.0",
      "resolved": "https://registry.npmjs.org/commander/-/commander-2.18.0.tgz",
      "integrity": "sha512-6CYPa+JP2ftfRU2qkDK+UTVeQYosOg/2GbcjIcKPHfinyOLPVGXu/ovN86RP49Re5ndJK1N0kuiidFFuepc4ZQ=="
    },
    "d20": {
      "version": "1.4.1",
      "resolved": "https://registry.npmjs.org/d20/-/d20-1.4.1.tgz",
      "integrity": "sha1-hXUyfZS7lmGTSOBK37slDlorxio=",
      "requires": {
        "commander": "^2.8.1"
      }
    }
  }
}
